
Microsoft Visual Studio Solution File, Format Version 12.00
# Visual Studio 2012
Project("{2150E333-8FDC-42A3-9474-1A3956D46DE8}") = "external", "external", "{11DE974E-DE53-4B34-8CB7-7AEEF511BBE1}"
EndProject
Project("{FAE04EC0-301F-11D3-BF4B-00C04F79EFBC}") = "Sancho.Client.Plugin.Jint", "..\src\Sancho.Client.Plugin.Jint\Sancho.Client.Plugin.Jint.csproj", "{8CD72CB1-0F5E-4F0C-B6AA-F9FB5EDE71C9}"
EndProject
Project("{FAE04EC0-301F-11D3-BF4B-00C04F79EFBC}") = "ConsoleTest", "ConsoleTest\ConsoleTest.csproj", "{AB97E128-BBF8-48BD-A372-421A82CC9D4A}"
EndProject
Global
	GlobalSection(SolutionConfigurationPlatforms) = preSolution
		Debug|Any CPU = Debug|Any CPU
		Release|Any CPU = Release|Any CPU
		Debug|iPhoneSimulator = Debug|iPhoneSimulator
		Release|iPhone = Release|iPhone
		Release|iPhoneSimulator = Release|iPhoneSimulator
		Debug|iPhone = Debug|iPhone
	EndGlobalSection
	GlobalSection(ProjectConfigurationPlatforms) = postSolution
		{8CD72CB1-0F5E-4F0C-B6AA-F9FB5EDE71C9}.Debug|Any CPU.ActiveCfg = Debug|Any CPU
		{8CD72CB1-0F5E-4F0C-B6AA-F9FB5EDE71C9}.Debug|Any CPU.Build.0 = Debug|Any CPU
		{8CD72CB1-0F5E-4F0C-B6AA-F9FB5EDE71C9}.Release|Any CPU.ActiveCfg = Release|Any CPU
		{8CD72CB1-0F5E-4F0C-B6AA-F9FB5EDE71C9}.Release|Any CPU.Build.0 = Release|Any CPU
		{8CD72CB1-0F5E-4F0C-B6AA-F9FB5EDE71C9}.Debug|iPhoneSimulator.ActiveCfg = Debug|Any CPU
		{8CD72CB1-0F5E-4F0C-B6AA-F9FB5EDE71C9}.Debug|iPhoneSimulator.Build.0 = Debug|Any CPU
		{8CD72CB1-0F5E-4F0C-B6AA-F9FB5EDE71C9}.Release|iPhone.ActiveCfg = Release|Any CPU
		{8CD72CB1-0F5E-4F0C-B6AA-F9FB5EDE71C9}.Release|iPhone.Build.0 = Release|Any CPU
		{8CD72CB1-0F5E-4F0C-B6AA-F9FB5EDE71C9}.Release|iPhoneSimulator.ActiveCfg = Release|Any CPU
		{8CD72CB1-0F5E-4F0C-B6AA-F9FB5EDE71C9}.Release|iPhoneSimulator.Build.0 = Release|Any CPU
		{8CD72CB1-0F5E-4F0C-B6AA-F9FB5EDE71C9}.Debug|iPhone.ActiveCfg = Debug|Any CPU
		{8CD72CB1-0F5E-4F0C-B6AA-F9FB5EDE71C9}.Debug|iPhone.Build.0 = Debug|Any CPU
		{AB97E128-BBF8-48BD-A372-421A82CC9D4A}.Debug|Any CPU.ActiveCfg = Debug|Any CPU
		{AB97E128-BBF8-48BD-A372-421A82CC9D4A}.Debug|Any CPU.Build.0 = Debug|Any CPU
		{AB97E128-BBF8-48BD-A372-421A82CC9D4A}.Release|Any CPU.ActiveCfg = Release|Any CPU
		{AB97E128-BBF8-48BD-A372-421A82CC9D4A}.Release|Any CPU.Build.0 = Release|Any CPU
		{AB97E128-BBF8-48BD-A372-421A82CC9D4A}.Debug|iPhoneSimulator.ActiveCfg = Debug|Any CPU
		{AB97E128-BBF8-48BD-A372-421A82CC9D4A}.Debug|iPhoneSimulator.Build.0 = Debug|Any CPU
		{AB97E128-BBF8-48BD-A372-421A82CC9D4A}.Release|iPhone.ActiveCfg = Release|Any CPU
		{AB97E128-BBF8-48BD-A372-421A82CC9D4A}.Release|iPhone.Build.0 = Release|Any CPU
		{AB97E128-BBF8-48BD-A372-421A82CC9D4A}.Release|iPhoneSimulator.ActiveCfg = Release|Any CPU
		{AB97E128-BBF8-48BD-A372-421A82CC9D4A}.Release|iPhoneSimulator.Build.0 = Release|Any CPU
		{AB97E128-BBF8-48BD-A372-421A82CC9D4A}.Debug|iPhone.ActiveCfg = Debug|Any CPU
		{AB97E128-BBF8-48BD-A372-421A82CC9D4A}.Debug|iPhone.Build.0 = Debug|Any CPU
	EndGlobalSection
	GlobalSection(NestedProjects) = preSolution
		{8CD72CB1-0F5E-4F0C-B6AA-F9FB5EDE71C9} = {11DE974E-DE53-4B34-8CB7-7AEEF511BBE1}
	EndGlobalSection
EndGlobal
